{
  "pins" : [
    {
      "identity" : "wavesutil",
      "kind" : "remoteSourceControl",
      "location" : "https://github.com/hiletmis/WavesUtil.git",
      "state" : {
        "revision" : "87e9a7a221679f664a3318e0221f9b39028946e2",
        "version" : "1.0.3"
      }
    }
  ],
  "version" : 2
}
