{
  "pins" : [
    {
      "identity" : "wavesutil",
      "kind" : "remoteSourceControl",
      "location" : "https://github.com/hiletmis/WavesUtil.git",
      "state" : {
        "revision" : "4920b155b020b484add4570217a628393a9d564b",
        "version" : "1.0.1"
      }
    }
  ],
  "version" : 2
}
